
Microsoft Visual Studio Solution File, Format Version 12.00
# Visual Studio 15
VisualStudioVersion = 15.0.26124.0
MinimumVisualStudioVersion = 15.0.26124.0
Project("{2150E333-8FDC-42A3-9474-1A3956D46DE8}") = "src", "src", "{48306582-79BD-40EE-8F5D-3717B2EE816D}"
EndProject
Project("{FAE04EC0-301F-11D3-BF4B-00C04F79EFBC}") = "Core", "src\Core\Core.csproj", "{397C16BB-21D9-47D8-993A-0268A6A44968}"
EndProject
Project("{2150E333-8FDC-42A3-9474-1A3956D46DE8}") = "tests", "tests", "{C21231F4-00F8-4A51-A82A-C13ADC220F1A}"
EndProject
Project("{FAE04EC0-301F-11D3-BF4B-00C04F79EFBC}") = "Core.Tests", "tests\Core.Tests\Core.Tests.csproj", "{6C6893F7-95A8-4744-8A8C-AD4DC6CAEB95}"
EndProject
Project("{FAE04EC0-301F-11D3-BF4B-00C04F79EFBC}") = "Interface", "src\Interface\Interface.csproj", "{B71B4D08-2B93-46C3-9F93-EAC2F63ECA66}"
EndProject
Project("{FAE04EC0-301F-11D3-BF4B-00C04F79EFBC}") = "Interface.Tests", "tests\Interface.Tests\Interface.Tests.csproj", "{7EC5D2E4-D4F5-447A-B5FF-333B104AF6A9}"
EndProject
Global
	GlobalSection(SolutionConfigurationPlatforms) = preSolution
		Debug|Any CPU = Debug|Any CPU
		Debug|x64 = Debug|x64
		Debug|x86 = Debug|x86
		Release|Any CPU = Release|Any CPU
		Release|x64 = Release|x64
		Release|x86 = Release|x86
	EndGlobalSection
	GlobalSection(SolutionProperties) = preSolution
		HideSolutionNode = FALSE
	EndGlobalSection
	GlobalSection(ProjectConfigurationPlatforms) = postSolution
		{397C16BB-21D9-47D8-993A-0268A6A44968}.Debug|Any CPU.ActiveCfg = Debug|Any CPU
		{397C16BB-21D9-47D8-993A-0268A6A44968}.Debug|Any CPU.Build.0 = Debug|Any CPU
		{397C16BB-21D9-47D8-993A-0268A6A44968}.Debug|x64.ActiveCfg = Debug|Any CPU
		{397C16BB-21D9-47D8-993A-0268A6A44968}.Debug|x64.Build.0 = Debug|Any CPU
		{397C16BB-21D9-47D8-993A-0268A6A44968}.Debug|x86.ActiveCfg = Debug|Any CPU
		{397C16BB-21D9-47D8-993A-0268A6A44968}.Debug|x86.Build.0 = Debug|Any CPU
		{397C16BB-21D9-47D8-993A-0268A6A44968}.Release|Any CPU.ActiveCfg = Release|Any CPU
		{397C16BB-21D9-47D8-993A-0268A6A44968}.Release|Any CPU.Build.0 = Release|Any CPU
		{397C16BB-21D9-47D8-993A-0268A6A44968}.Release|x64.ActiveCfg = Release|Any CPU
		{397C16BB-21D9-47D8-993A-0268A6A44968}.Release|x64.Build.0 = Release|Any CPU
		{397C16BB-21D9-47D8-993A-0268A6A44968}.Release|x86.ActiveCfg = Release|Any CPU
		{397C16BB-21D9-47D8-993A-0268A6A44968}.Release|x86.Build.0 = Release|Any CPU
		{6C6893F7-95A8-4744-8A8C-AD4DC6CAEB95}.Debug|Any CPU.ActiveCfg = Debug|Any CPU
		{6C6893F7-95A8-4744-8A8C-AD4DC6CAEB95}.Debug|Any CPU.Build.0 = Debug|Any CPU
		{6C6893F7-95A8-4744-8A8C-AD4DC6CAEB95}.Debug|x64.ActiveCfg = Debug|Any CPU
		{6C6893F7-95A8-4744-8A8C-AD4DC6CAEB95}.Debug|x64.Build.0 = Debug|Any CPU
		{6C6893F7-95A8-4744-8A8C-AD4DC6CAEB95}.Debug|x86.ActiveCfg = Debug|Any CPU
		{6C6893F7-95A8-4744-8A8C-AD4DC6CAEB95}.Debug|x86.Build.0 = Debug|Any CPU
		{6C6893F7-95A8-4744-8A8C-AD4DC6CAEB95}.Release|Any CPU.ActiveCfg = Release|Any CPU
		{6C6893F7-95A8-4744-8A8C-AD4DC6CAEB95}.Release|Any CPU.Build.0 = Release|Any CPU
		{6C6893F7-95A8-4744-8A8C-AD4DC6CAEB95}.Release|x64.ActiveCfg = Release|Any CPU
		{6C6893F7-95A8-4744-8A8C-AD4DC6CAEB95}.Release|x64.Build.0 = Release|Any CPU
		{6C6893F7-95A8-4744-8A8C-AD4DC6CAEB95}.Release|x86.ActiveCfg = Release|Any CPU
		{6C6893F7-95A8-4744-8A8C-AD4DC6CAEB95}.Release|x86.Build.0 = Release|Any CPU
		{B71B4D08-2B93-46C3-9F93-EAC2F63ECA66}.Debug|Any CPU.ActiveCfg = Debug|Any CPU
		{B71B4D08-2B93-46C3-9F93-EAC2F63ECA66}.Debug|Any CPU.Build.0 = Debug|Any CPU
		{B71B4D08-2B93-46C3-9F93-EAC2F63ECA66}.Debug|x64.ActiveCfg = Debug|Any CPU
		{B71B4D08-2B93-46C3-9F93-EAC2F63ECA66}.Debug|x64.Build.0 = Debug|Any CPU
		{B71B4D08-2B93-46C3-9F93-EAC2F63ECA66}.Debug|x86.ActiveCfg = Debug|Any CPU
		{B71B4D08-2B93-46C3-9F93-EAC2F63ECA66}.Debug|x86.Build.0 = Debug|Any CPU
		{B71B4D08-2B93-46C3-9F93-EAC2F63ECA66}.Release|Any CPU.ActiveCfg = Release|Any CPU
		{B71B4D08-2B93-46C3-9F93-EAC2F63ECA66}.Release|Any CPU.Build.0 = Release|Any CPU
		{B71B4D08-2B93-46C3-9F93-EAC2F63ECA66}.Release|x64.ActiveCfg = Release|Any CPU
		{B71B4D08-2B93-46C3-9F93-EAC2F63ECA66}.Release|x64.Build.0 = Release|Any CPU
		{B71B4D08-2B93-46C3-9F93-EAC2F63ECA66}.Release|x86.ActiveCfg = Release|Any CPU
		{B71B4D08-2B93-46C3-9F93-EAC2F63ECA66}.Release|x86.Build.0 = Release|Any CPU
		{7EC5D2E4-D4F5-447A-B5FF-333B104AF6A9}.Debug|Any CPU.ActiveCfg = Debug|Any CPU
		{7EC5D2E4-D4F5-447A-B5FF-333B104AF6A9}.Debug|Any CPU.Build.0 = Debug|Any CPU
		{7EC5D2E4-D4F5-447A-B5FF-333B104AF6A9}.Debug|x64.ActiveCfg = Debug|Any CPU
		{7EC5D2E4-D4F5-447A-B5FF-333B104AF6A9}.Debug|x64.Build.0 = Debug|Any CPU
		{7EC5D2E4-D4F5-447A-B5FF-333B104AF6A9}.Debug|x86.ActiveCfg = Debug|Any CPU
		{7EC5D2E4-D4F5-447A-B5FF-333B104AF6A9}.Debug|x86.Build.0 = Debug|Any CPU
		{7EC5D2E4-D4F5-447A-B5FF-333B104AF6A9}.Release|Any CPU.ActiveCfg = Release|Any CPU
		{7EC5D2E4-D4F5-447A-B5FF-333B104AF6A9}.Release|Any CPU.Build.0 = Release|Any CPU
		{7EC5D2E4-D4F5-447A-B5FF-333B104AF6A9}.Release|x64.ActiveCfg = Release|Any CPU
		{7EC5D2E4-D4F5-447A-B5FF-333B104AF6A9}.Release|x64.Build.0 = Release|Any CPU
		{7EC5D2E4-D4F5-447A-B5FF-333B104AF6A9}.Release|x86.ActiveCfg = Release|Any CPU
		{7EC5D2E4-D4F5-447A-B5FF-333B104AF6A9}.Release|x86.Build.0 = Release|Any CPU
	EndGlobalSection
	GlobalSection(NestedProjects) = preSolution
		{397C16BB-21D9-47D8-993A-0268A6A44968} = {48306582-79BD-40EE-8F5D-3717B2EE816D}
		{6C6893F7-95A8-4744-8A8C-AD4DC6CAEB95} = {C21231F4-00F8-4A51-A82A-C13ADC220F1A}
		{B71B4D08-2B93-46C3-9F93-EAC2F63ECA66} = {48306582-79BD-40EE-8F5D-3717B2EE816D}
		{7EC5D2E4-D4F5-447A-B5FF-333B104AF6A9} = {C21231F4-00F8-4A51-A82A-C13ADC220F1A}
	EndGlobalSection
EndGlobal
